// !$*UTF8*$!
{
	archiveVersion = 1;
	classes = {
	};
	objectVersion = 46;
	objects = {

/* Begin PBXBuildFile section */
		1CA62FA86CF29C20BCBD7127 /* Pods_HappyRoomiOSProject.framework in Frameworks */ = {isa = PBXBuildFile; fileRef = 91EF0A8A2363769E87689AA2 /* Pods_HappyRoomiOSProject.framework */; };
		7E69A58E1DC17B3900CC65DB /* Christmas Star-50.png in Resources */ = {isa = PBXBuildFile; fileRef = 7E69A58D1DC17B3900CC65DB /* Christmas Star-50.png */; };
		7E69A5901DC17CE500CC65DB /* Christmas Star-25.png in Resources */ = {isa = PBXBuildFile; fileRef = 7E69A58F1DC17CE500CC65DB /* Christmas Star-25.png */; };
		7F5274341DB97B580037261C /* RateView.swift in Sources */ = {isa = PBXBuildFile; fileRef = 7F5274331DB97B580037261C /* RateView.swift */; };
		7F5AECDD1DDABCA5005FFB4E /* ScatterPlotView.swift in Sources */ = {isa = PBXBuildFile; fileRef = 7F5AECDC1DDABCA5005FFB4E /* ScatterPlotView.swift */; };
		7F6216E81DD535ED002D65B2 /* HappyRoomCoreData.xcdatamodeld in Sources */ = {isa = PBXBuildFile; fileRef = 7F6216E61DD535ED002D65B2 /* HappyRoomCoreData.xcdatamodeld */; };
		7F8D6EB31DA6DC0500896505 /* AppDelegate.swift in Sources */ = {isa = PBXBuildFile; fileRef = 7F8D6EB21DA6DC0500896505 /* AppDelegate.swift */; };
		7F8D6EB51DA6DC0500896505 /* UserViewController.swift in Sources */ = {isa = PBXBuildFile; fileRef = 7F8D6EB41DA6DC0500896505 /* UserViewController.swift */; };
		7F8D6EB71DA6DC0500896505 /* ScatterplotViewController.swift in Sources */ = {isa = PBXBuildFile; fileRef = 7F8D6EB61DA6DC0500896505 /* ScatterplotViewController.swift */; };
		7F8D6EBC1DA6DC0500896505 /* Assets.xcassets in Resources */ = {isa = PBXBuildFile; fileRef = 7F8D6EBB1DA6DC0500896505 /* Assets.xcassets */; };
		7F8D6EBF1DA6DC0500896505 /* LaunchScreen.storyboard in Resources */ = {isa = PBXBuildFile; fileRef = 7F8D6EBD1DA6DC0500896505 /* LaunchScreen.storyboard */; };
		7F8D6EC91DA6F9C100896505 /* Gender Neutral User-25.png in Resources */ = {isa = PBXBuildFile; fileRef = 7F8D6EC81DA6F9C100896505 /* Gender Neutral User-25.png */; };
		7F8D6ECB1DA6FADA00896505 /* Scatter Plot-25.png in Resources */ = {isa = PBXBuildFile; fileRef = 7F8D6ECA1DA6FADA00896505 /* Scatter Plot-25.png */; };
		7F8D6ECD1DA6FB5800896505 /* Pie Chart-25.png in Resources */ = {isa = PBXBuildFile; fileRef = 7F8D6ECC1DA6FB5800896505 /* Pie Chart-25.png */; };
		7F8D6ECF1DA7011F00896505 /* PiechartViewController.swift in Sources */ = {isa = PBXBuildFile; fileRef = 7F8D6ECE1DA7011F00896505 /* PiechartViewController.swift */; };
		8416E9201DF5E10A00D94A58 /* Reachability.swift in Sources */ = {isa = PBXBuildFile; fileRef = 8416E91F1DF5E10A00D94A58 /* Reachability.swift */; };
		84EC43001DF1D63E00624C55 /* Charts.framework in Frameworks */ = {isa = PBXBuildFile; fileRef = 84EC42FF1DF1D63E00624C55 /* Charts.framework */; };
		C054698B1DC012A100A0378A /* Main.storyboard in Resources */ = {isa = PBXBuildFile; fileRef = C054698A1DC012A100A0378A /* Main.storyboard */; };
		C05469B41DC032BF00A0378A /* AudioToolbox.framework in Frameworks */ = {isa = PBXBuildFile; fileRef = C05469AA1DC032BF00A0378A /* AudioToolbox.framework */; };
		C05469B51DC032BF00A0378A /* CoreData.framework in Frameworks */ = {isa = PBXBuildFile; fileRef = C05469AB1DC032BF00A0378A /* CoreData.framework */; };
		C05469B61DC032BF00A0378A /* CoreGraphics.framework in Frameworks */ = {isa = PBXBuildFile; fileRef = C05469AC1DC032BF00A0378A /* CoreGraphics.framework */; };
		C05469B71DC032BF00A0378A /* CoreLocation.framework in Frameworks */ = {isa = PBXBuildFile; fileRef = C05469AD1DC032BF00A0378A /* CoreLocation.framework */; };
		C05469B81DC032BF00A0378A /* libsqlite3.tbd in Frameworks */ = {isa = PBXBuildFile; fileRef = C05469AE1DC032BF00A0378A /* libsqlite3.tbd */; };
		C05469B91DC032BF00A0378A /* libz.tbd in Frameworks */ = {isa = PBXBuildFile; fileRef = C05469AF1DC032BF00A0378A /* libz.tbd */; };
		C05469BA1DC032BF00A0378A /* QuartzCore.framework in Frameworks */ = {isa = PBXBuildFile; fileRef = C05469B01DC032BF00A0378A /* QuartzCore.framework */; };
		C05469BB1DC032BF00A0378A /* Security.framework in Frameworks */ = {isa = PBXBuildFile; fileRef = C05469B11DC032BF00A0378A /* Security.framework */; };
		C05469BC1DC032BF00A0378A /* StoreKit.framework in Frameworks */ = {isa = PBXBuildFile; fileRef = C05469B21DC032BF00A0378A /* StoreKit.framework */; };
		C05469BD1DC032BF00A0378A /* SystemConfiguration.framework in Frameworks */ = {isa = PBXBuildFile; fileRef = C05469B31DC032BF00A0378A /* SystemConfiguration.framework */; };
		C05469BF1DC0334500A0378A /* Parse-iOS in Resources */ = {isa = PBXBuildFile; fileRef = C05469BE1DC0334500A0378A /* Parse-iOS */; };
		C05469C11DC034AD00A0378A /* Bolts.framework in Frameworks */ = {isa = PBXBuildFile; fileRef = C05469C01DC034AD00A0378A /* Bolts.framework */; };
		C05469C31DC034B100A0378A /* Parse.framework in Frameworks */ = {isa = PBXBuildFile; fileRef = C05469C21DC034B100A0378A /* Parse.framework */; };
		C05626221DF0E6A8002A012C /* hotel.jpg in Resources */ = {isa = PBXBuildFile; fileRef = C05626211DF0E6A8002A012C /* hotel.jpg */; };
		C05626251DF0EA19002A012C /* emptyStar.png in Resources */ = {isa = PBXBuildFile; fileRef = C05626231DF0EA19002A012C /* emptyStar.png */; };
		C05626261DF0EA19002A012C /* filledStar1.png in Resources */ = {isa = PBXBuildFile; fileRef = C05626241DF0EA19002A012C /* filledStar1.png */; };
		C056262C1DF0EBFF002A012C /* emptyStar10.png in Resources */ = {isa = PBXBuildFile; fileRef = C056262B1DF0EBFF002A012C /* emptyStar10.png */; };
		C0D856971DC14C8900521795 /* Rating.swift in Sources */ = {isa = PBXBuildFile; fileRef = C0D856961DC14C8900521795 /* Rating.swift */; };
		C0E1E3371DDA7D3D006730D8 /* ContentViewController.swift in Sources */ = {isa = PBXBuildFile; fileRef = C0E1E3361DDA7D3D006730D8 /* ContentViewController.swift */; };
		C0E1E3391DDA7E1D006730D8 /* ViewController.swift in Sources */ = {isa = PBXBuildFile; fileRef = C0E1E3381DDA7E1D006730D8 /* ViewController.swift */; };
/* End PBXBuildFile section */

/* Begin PBXFileReference section */
		7E69A58D1DC17B3900CC65DB /* Christmas Star-50.png */ = {isa = PBXFileReference; lastKnownFileType = image.png; path = "Christmas Star-50.png"; sourceTree = "<group>"; };
		7E69A58F1DC17CE500CC65DB /* Christmas Star-25.png */ = {isa = PBXFileReference; lastKnownFileType = image.png; path = "Christmas Star-25.png"; sourceTree = "<group>"; };
		7F11FD07ED87B69434476612 /* Pods-HappyRoomiOSProject.debug.xcconfig */ = {isa = PBXFileReference; includeInIndex = 1; lastKnownFileType = text.xcconfig; name = "Pods-HappyRoomiOSProject.debug.xcconfig"; path = "Pods/Target Support Files/Pods-HappyRoomiOSProject/Pods-HappyRoomiOSProject.debug.xcconfig"; sourceTree = "<group>"; };
		7F5274331DB97B580037261C /* RateView.swift */ = {isa = PBXFileReference; fileEncoding = 4; lastKnownFileType = sourcecode.swift; path = RateView.swift; sourceTree = "<group>"; };
		7F5AECDC1DDABCA5005FFB4E /* ScatterPlotView.swift */ = {isa = PBXFileReference; fileEncoding = 4; lastKnownFileType = sourcecode.swift; path = ScatterPlotView.swift; sourceTree = "<group>"; };
		7F6216E71DD535ED002D65B2 /* HappyRoomCoreData.xcdatamodel */ = {isa = PBXFileReference; lastKnownFileType = wrapper.xcdatamodel; path = HappyRoomCoreData.xcdatamodel; sourceTree = "<group>"; };
		7F8D6EAF1DA6DC0500896505 /* HappyRoomiOSProject.app */ = {isa = PBXFileReference; explicitFileType = wrapper.application; includeInIndex = 0; path = HappyRoomiOSProject.app; sourceTree = BUILT_PRODUCTS_DIR; };
		7F8D6EB21DA6DC0500896505 /* AppDelegate.swift */ = {isa = PBXFileReference; lastKnownFileType = sourcecode.swift; path = AppDelegate.swift; sourceTree = "<group>"; };
		7F8D6EB41DA6DC0500896505 /* UserViewController.swift */ = {isa = PBXFileReference; lastKnownFileType = sourcecode.swift; path = UserViewController.swift; sourceTree = "<group>"; };
		7F8D6EB61DA6DC0500896505 /* ScatterplotViewController.swift */ = {isa = PBXFileReference; lastKnownFileType = sourcecode.swift; path = ScatterplotViewController.swift; sourceTree = "<group>"; };
		7F8D6EBB1DA6DC0500896505 /* Assets.xcassets */ = {isa = PBXFileReference; lastKnownFileType = folder.assetcatalog; path = Assets.xcassets; sourceTree = "<group>"; };
		7F8D6EBE1DA6DC0500896505 /* Base */ = {isa = PBXFileReference; lastKnownFileType = file.storyboard; name = Base; path = Base.lproj/LaunchScreen.storyboard; sourceTree = "<group>"; };
		7F8D6EC01DA6DC0500896505 /* Info.plist */ = {isa = PBXFileReference; lastKnownFileType = text.plist.xml; path = Info.plist; sourceTree = "<group>"; };
		7F8D6EC81DA6F9C100896505 /* Gender Neutral User-25.png */ = {isa = PBXFileReference; lastKnownFileType = image.png; path = "Gender Neutral User-25.png"; sourceTree = "<group>"; };
		7F8D6ECA1DA6FADA00896505 /* Scatter Plot-25.png */ = {isa = PBXFileReference; lastKnownFileType = image.png; path = "Scatter Plot-25.png"; sourceTree = "<group>"; };
		7F8D6ECC1DA6FB5800896505 /* Pie Chart-25.png */ = {isa = PBXFileReference; lastKnownFileType = image.png; path = "Pie Chart-25.png"; sourceTree = "<group>"; };
		7F8D6ECE1DA7011F00896505 /* PiechartViewController.swift */ = {isa = PBXFileReference; fileEncoding = 4; lastKnownFileType = sourcecode.swift; path = PiechartViewController.swift; sourceTree = "<group>"; };
		8416E91F1DF5E10A00D94A58 /* Reachability.swift */ = {isa = PBXFileReference; fileEncoding = 4; lastKnownFileType = sourcecode.swift; path = Reachability.swift; sourceTree = "<group>"; };
		84EC42FF1DF1D63E00624C55 /* Charts.framework */ = {isa = PBXFileReference; lastKnownFileType = wrapper.framework; name = Charts.framework; path = "../../../Library/Developer/Xcode/DerivedData/HappyRoomiOSProject-ejmflblcfqgewbbrgfchpbnuinrg/Build/Products/Debug-iphonesimulator/Charts/Charts.framework"; sourceTree = "<group>"; };
		91EF0A8A2363769E87689AA2 /* Pods_HappyRoomiOSProject.framework */ = {isa = PBXFileReference; explicitFileType = wrapper.framework; includeInIndex = 0; path = Pods_HappyRoomiOSProject.framework; sourceTree = BUILT_PRODUCTS_DIR; };
		B6D47C4F4499D0776308BBD4 /* Pods-HappyRoomiOSProject.release.xcconfig */ = {isa = PBXFileReference; includeInIndex = 1; lastKnownFileType = text.xcconfig; name = "Pods-HappyRoomiOSProject.release.xcconfig"; path = "Pods/Target Support Files/Pods-HappyRoomiOSProject/Pods-HappyRoomiOSProject.release.xcconfig"; sourceTree = "<group>"; };
		C054698A1DC012A100A0378A /* Main.storyboard */ = {isa = PBXFileReference; fileEncoding = 4; lastKnownFileType = file.storyboard; path = Main.storyboard; sourceTree = "<group>"; };
		C05469AA1DC032BF00A0378A /* AudioToolbox.framework */ = {isa = PBXFileReference; lastKnownFileType = wrapper.framework; name = AudioToolbox.framework; path = System/Library/Frameworks/AudioToolbox.framework; sourceTree = SDKROOT; };
		C05469AB1DC032BF00A0378A /* CoreData.framework */ = {isa = PBXFileReference; lastKnownFileType = wrapper.framework; name = CoreData.framework; path = System/Library/Frameworks/CoreData.framework; sourceTree = SDKROOT; };
		C05469AC1DC032BF00A0378A /* CoreGraphics.framework */ = {isa = PBXFileReference; lastKnownFileType = wrapper.framework; name = CoreGraphics.framework; path = System/Library/Frameworks/CoreGraphics.framework; sourceTree = SDKROOT; };
		C05469AD1DC032BF00A0378A /* CoreLocation.framework */ = {isa = PBXFileReference; lastKnownFileType = wrapper.framework; name = CoreLocation.framework; path = System/Library/Frameworks/CoreLocation.framework; sourceTree = SDKROOT; };
		C05469AE1DC032BF00A0378A /* libsqlite3.tbd */ = {isa = PBXFileReference; lastKnownFileType = "sourcecode.text-based-dylib-definition"; name = libsqlite3.tbd; path = usr/lib/libsqlite3.tbd; sourceTree = SDKROOT; };
		C05469AF1DC032BF00A0378A /* libz.tbd */ = {isa = PBXFileReference; lastKnownFileType = "sourcecode.text-based-dylib-definition"; name = libz.tbd; path = usr/lib/libz.tbd; sourceTree = SDKROOT; };
		C05469B01DC032BF00A0378A /* QuartzCore.framework */ = {isa = PBXFileReference; lastKnownFileType = wrapper.framework; name = QuartzCore.framework; path = System/Library/Frameworks/QuartzCore.framework; sourceTree = SDKROOT; };
		C05469B11DC032BF00A0378A /* Security.framework */ = {isa = PBXFileReference; lastKnownFileType = wrapper.framework; name = Security.framework; path = System/Library/Frameworks/Security.framework; sourceTree = SDKROOT; };
		C05469B21DC032BF00A0378A /* StoreKit.framework */ = {isa = PBXFileReference; lastKnownFileType = wrapper.framework; name = StoreKit.framework; path = System/Library/Frameworks/StoreKit.framework; sourceTree = SDKROOT; };
		C05469B31DC032BF00A0378A /* SystemConfiguration.framework */ = {isa = PBXFileReference; lastKnownFileType = wrapper.framework; name = SystemConfiguration.framework; path = System/Library/Frameworks/SystemConfiguration.framework; sourceTree = SDKROOT; };
		C05469BE1DC0334500A0378A /* Parse-iOS */ = {isa = PBXFileReference; lastKnownFileType = folder; name = "Parse-iOS"; path = "HappyRoomiOSProject/Parse-iOS"; sourceTree = "<group>"; };
		C05469C01DC034AD00A0378A /* Bolts.framework */ = {isa = PBXFileReference; lastKnownFileType = wrapper.framework; name = Bolts.framework; path = "HappyRoomiOSProject/Parse-iOS/Bolts.framework"; sourceTree = "<group>"; };
		C05469C21DC034B100A0378A /* Parse.framework */ = {isa = PBXFileReference; lastKnownFileType = wrapper.framework; name = Parse.framework; path = "HappyRoomiOSProject/Parse-iOS/Parse.framework"; sourceTree = "<group>"; };
		C056261D1DF0BF59002A012C /* Charts.framework */ = {isa = PBXFileReference; explicitFileType = wrapper.framework; name = Charts.framework; path = "/Users/s525882/Library/Developer/Xcode/DerivedData/HappyRoomiOSProject-dwhwcxpxxvjwjyeflgzyqpaozmct/Build/Products/Debug-iphonesimulator/Charts/Charts.framework"; sourceTree = "<absolute>"; };
		C05626211DF0E6A8002A012C /* hotel.jpg */ = {isa = PBXFileReference; lastKnownFileType = image.jpeg; name = hotel.jpg; path = ../hotel.jpg; sourceTree = "<group>"; };
		C05626231DF0EA19002A012C /* emptyStar.png */ = {isa = PBXFileReference; lastKnownFileType = image.png; path = emptyStar.png; sourceTree = "<group>"; };
		C05626241DF0EA19002A012C /* filledStar1.png */ = {isa = PBXFileReference; lastKnownFileType = image.png; path = filledStar1.png; sourceTree = "<group>"; };
		C056262B1DF0EBFF002A012C /* emptyStar10.png */ = {isa = PBXFileReference; lastKnownFileType = image.png; name = emptyStar10.png; path = ../emptyStar10.png; sourceTree = "<group>"; };
		C05E9EE91DEFB5220003DAFE /* Charts.framework */ = {isa = PBXFileReference; explicitFileType = wrapper.framework; name = Charts.framework; path = "/Users/s525882/Library/Developer/Xcode/DerivedData/HappyRoomiOSProject-ggkevzwszjwopabpqxvjcvsjccaq/Build/Products/Debug-iphonesimulator/Charts/Charts.framework"; sourceTree = "<absolute>"; };
		C0D856961DC14C8900521795 /* Rating.swift */ = {isa = PBXFileReference; fileEncoding = 4; lastKnownFileType = sourcecode.swift; path = Rating.swift; sourceTree = "<group>"; };
		C0E1E3361DDA7D3D006730D8 /* ContentViewController.swift */ = {isa = PBXFileReference; fileEncoding = 4; lastKnownFileType = sourcecode.swift; path = ContentViewController.swift; sourceTree = "<group>"; };
		C0E1E3381DDA7E1D006730D8 /* ViewController.swift */ = {isa = PBXFileReference; fileEncoding = 4; lastKnownFileType = sourcecode.swift; path = ViewController.swift; sourceTree = "<group>"; };
/* End PBXFileReference section */

/* Begin PBXFrameworksBuildPhase section */
		7F8D6EAC1DA6DC0500896505 /* Frameworks */ = {
			isa = PBXFrameworksBuildPhase;
			buildActionMask = 2147483647;
			files = (
				84EC43001DF1D63E00624C55 /* Charts.framework in Frameworks */,
				C05469B41DC032BF00A0378A /* AudioToolbox.framework in Frameworks */,
				C05469B51DC032BF00A0378A /* CoreData.framework in Frameworks */,
				C05469B61DC032BF00A0378A /* CoreGraphics.framework in Frameworks */,
				C05469B71DC032BF00A0378A /* CoreLocation.framework in Frameworks */,
				C05469B81DC032BF00A0378A /* libsqlite3.tbd in Frameworks */,
				C05469B91DC032BF00A0378A /* libz.tbd in Frameworks */,
				C05469BA1DC032BF00A0378A /* QuartzCore.framework in Frameworks */,
				C05469BB1DC032BF00A0378A /* Security.framework in Frameworks */,
				C05469C11DC034AD00A0378A /* Bolts.framework in Frameworks */,
				C05469BC1DC032BF00A0378A /* StoreKit.framework in Frameworks */,
				C05469C31DC034B100A0378A /* Parse.framework in Frameworks */,
				C05469BD1DC032BF00A0378A /* SystemConfiguration.framework in Frameworks */,
				1CA62FA86CF29C20BCBD7127 /* Pods_HappyRoomiOSProject.framework in Frameworks */,
			);
			runOnlyForDeploymentPostprocessing = 0;
		};
/* End PBXFrameworksBuildPhase section */

/* Begin PBXGroup section */
		4ADFBE94683A19F87A4EAAF7 /* Pods */ = {
			isa = PBXGroup;
			children = (
				7F11FD07ED87B69434476612 /* Pods-HappyRoomiOSProject.debug.xcconfig */,
				B6D47C4F4499D0776308BBD4 /* Pods-HappyRoomiOSProject.release.xcconfig */,
			);
			name = Pods;
			sourceTree = "<group>";
		};
		7F5274321DB97AC80037261C /* Supporting Files */ = {
			isa = PBXGroup;
			children = (
				C0E1E3361DDA7D3D006730D8 /* ContentViewController.swift */,
				7F5274331DB97B580037261C /* RateView.swift */,
				C0E1E3381DDA7E1D006730D8 /* ViewController.swift */,
				7F8D6EBD1DA6DC0500896505 /* LaunchScreen.storyboard */,
				C0D856961DC14C8900521795 /* Rating.swift */,
				7F8D6EBB1DA6DC0500896505 /* Assets.xcassets */,
				7FEDE2611DFB79F60056D72A /* Images */,
				7F8D6EC01DA6DC0500896505 /* Info.plist */,
			);
			name = "Supporting Files";
			sourceTree = "<group>";
		};
		7F8D6EA61DA6DC0500896505 = {
			isa = PBXGroup;
			children = (
				C056261D1DF0BF59002A012C /* Charts.framework */,
				C05E9EE91DEFB5220003DAFE /* Charts.framework */,
				C0D856981DC1756100521795 /* Frameworks */,
				7F8D6EB11DA6DC0500896505 /* HappyRoomiOSProject */,
				7F8D6EB01DA6DC0500896505 /* Products */,
				4ADFBE94683A19F87A4EAAF7 /* Pods */,
			);
			sourceTree = "<group>";
		};
		7F8D6EB01DA6DC0500896505 /* Products */ = {
			isa = PBXGroup;
			children = (
				7F8D6EAF1DA6DC0500896505 /* HappyRoomiOSProject.app */,
			);
			name = Products;
			sourceTree = "<group>";
		};
		7F8D6EB11DA6DC0500896505 /* HappyRoomiOSProject */ = {
			isa = PBXGroup;
			children = (
				7F8D6EB21DA6DC0500896505 /* AppDelegate.swift */,
				8416E91F1DF5E10A00D94A58 /* Reachability.swift */,
				7F8D6EB41DA6DC0500896505 /* UserViewController.swift */,
				7F8D6EB61DA6DC0500896505 /* ScatterplotViewController.swift */,
				7F5AECDC1DDABCA5005FFB4E /* ScatterPlotView.swift */,
				7F8D6ECE1DA7011F00896505 /* PiechartViewController.swift */,
				C054698A1DC012A100A0378A /* Main.storyboard */,
				7F6216E61DD535ED002D65B2 /* HappyRoomCoreData.xcdatamodeld */,
				7F5274321DB97AC80037261C /* Supporting Files */,
			);
			path = HappyRoomiOSProject;
			sourceTree = "<group>";
		};
		7FEDE2611DFB79F60056D72A /* Images */ = {
			isa = PBXGroup;
			children = (
				7E69A58D1DC17B3900CC65DB /* Christmas Star-50.png */,
				C056262B1DF0EBFF002A012C /* emptyStar10.png */,
				C05626211DF0E6A8002A012C /* hotel.jpg */,
				C05626231DF0EA19002A012C /* emptyStar.png */,
				C05626241DF0EA19002A012C /* filledStar1.png */,
				7F8D6EC81DA6F9C100896505 /* Gender Neutral User-25.png */,
				7E69A58F1DC17CE500CC65DB /* Christmas Star-25.png */,
				7F8D6ECA1DA6FADA00896505 /* Scatter Plot-25.png */,
				7F8D6ECC1DA6FB5800896505 /* Pie Chart-25.png */,
			);
			name = Images;
			sourceTree = "<group>";
		};
		C0D856981DC1756100521795 /* Frameworks */ = {
			isa = PBXGroup;
			children = (
				84EC42FF1DF1D63E00624C55 /* Charts.framework */,
				C05469BE1DC0334500A0378A /* Parse-iOS */,
				C05469AA1DC032BF00A0378A /* AudioToolbox.framework */,
				C05469AB1DC032BF00A0378A /* CoreData.framework */,
				C05469AC1DC032BF00A0378A /* CoreGraphics.framework */,
				C05469AD1DC032BF00A0378A /* CoreLocation.framework */,
				C05469AE1DC032BF00A0378A /* libsqlite3.tbd */,
				C05469AF1DC032BF00A0378A /* libz.tbd */,
				C05469B01DC032BF00A0378A /* QuartzCore.framework */,
				C05469B11DC032BF00A0378A /* Security.framework */,
				C05469B21DC032BF00A0378A /* StoreKit.framework */,
				C05469B31DC032BF00A0378A /* SystemConfiguration.framework */,
				C05469C21DC034B100A0378A /* Parse.framework */,
				C05469C01DC034AD00A0378A /* Bolts.framework */,
				91EF0A8A2363769E87689AA2 /* Pods_HappyRoomiOSProject.framework */,
			);
			name = Frameworks;
			sourceTree = "<group>";
		};
/* End PBXGroup section */

/* Begin PBXNativeTarget section */
		7F8D6EAE1DA6DC0500896505 /* HappyRoomiOSProject */ = {
			isa = PBXNativeTarget;
			buildConfigurationList = 7F8D6EC31DA6DC0500896505 /* Build configuration list for PBXNativeTarget "HappyRoomiOSProject" */;
			buildPhases = (
				AAA5A97B64AAC0475EFA5B3F /* [CP] Check Pods Manifest.lock */,
				7F8D6EAB1DA6DC0500896505 /* Sources */,
				7F8D6EAC1DA6DC0500896505 /* Frameworks */,
				7F8D6EAD1DA6DC0500896505 /* Resources */,
				B294278EF22018858739D132 /* [CP] Embed Pods Frameworks */,
				38B0ABAD8E03BCED8E168D88 /* [CP] Copy Pods Resources */,
			);
			buildRules = (
			);
			dependencies = (
			);
			name = HappyRoomiOSProject;
			productName = HappyRoomiOSProject;
			productReference = 7F8D6EAF1DA6DC0500896505 /* HappyRoomiOSProject.app */;
			productType = "com.apple.product-type.application";
		};
/* End PBXNativeTarget section */

/* Begin PBXProject section */
		7F8D6EA71DA6DC0500896505 /* Project object */ = {
			isa = PBXProject;
			attributes = {
				LastSwiftUpdateCheck = 0730;
				LastUpgradeCheck = 0730;
				ORGANIZATIONNAME = NWMSU;
				TargetAttributes = {
					7F8D6EAE1DA6DC0500896505 = {
						CreatedOnToolsVersion = 7.3.1;
						DevelopmentTeam = 583N2DJ8B2;
					};
				};
			};
			buildConfigurationList = 7F8D6EAA1DA6DC0500896505 /* Build configuration list for PBXProject "HappyRoomiOSProject" */;
			compatibilityVersion = "Xcode 3.2";
			developmentRegion = English;
			hasScannedForEncodings = 0;
			knownRegions = (
				en,
				Base,
			);
			mainGroup = 7F8D6EA61DA6DC0500896505;
			productRefGroup = 7F8D6EB01DA6DC0500896505 /* Products */;
			projectDirPath = "";
			projectRoot = "";
			targets = (
				7F8D6EAE1DA6DC0500896505 /* HappyRoomiOSProject */,
			);
		};
/* End PBXProject section */

/* Begin PBXResourcesBuildPhase section */
		7F8D6EAD1DA6DC0500896505 /* Resources */ = {
			isa = PBXResourcesBuildPhase;
			buildActionMask = 2147483647;
			files = (
				7F8D6EBF1DA6DC0500896505 /* LaunchScreen.storyboard in Resources */,
				7F8D6ECD1DA6FB5800896505 /* Pie Chart-25.png in Resources */,
				C05626251DF0EA19002A012C /* emptyStar.png in Resources */,
				C05626261DF0EA19002A012C /* filledStar1.png in Resources */,
				C056262C1DF0EBFF002A012C /* emptyStar10.png in Resources */,
				7F8D6ECB1DA6FADA00896505 /* Scatter Plot-25.png in Resources */,
				C05469BF1DC0334500A0378A /* Parse-iOS in Resources */,
				7E69A58E1DC17B3900CC65DB /* Christmas Star-50.png in Resources */,
				C054698B1DC012A100A0378A /* Main.storyboard in Resources */,
				7F8D6EBC1DA6DC0500896505 /* Assets.xcassets in Resources */,
				C05626221DF0E6A8002A012C /* hotel.jpg in Resources */,
				7E69A5901DC17CE500CC65DB /* Christmas Star-25.png in Resources */,
				7F8D6EC91DA6F9C100896505 /* Gender Neutral User-25.png in Resources */,
			);
			runOnlyForDeploymentPostprocessing = 0;
		};
/* End PBXResourcesBuildPhase section */

/* Begin PBXShellScriptBuildPhase section */
		38B0ABAD8E03BCED8E168D88 /* [CP] Copy Pods Resources */ = {
			isa = PBXShellScriptBuildPhase;
			buildActionMask = 2147483647;
			files = (
			);
			inputPaths = (
			);
			name = "[CP] Copy Pods Resources";
			outputPaths = (
			);
			runOnlyForDeploymentPostprocessing = 0;
			shellPath = /bin/sh;
			shellScript = "\"${SRCROOT}/Pods/Target Support Files/Pods-HappyRoomiOSProject/Pods-HappyRoomiOSProject-resources.sh\"\n";
			showEnvVarsInLog = 0;
		};
		AAA5A97B64AAC0475EFA5B3F /* [CP] Check Pods Manifest.lock */ = {
			isa = PBXShellScriptBuildPhase;
			buildActionMask = 2147483647;
			files = (
			);
			inputPaths = (
			);
			name = "[CP] Check Pods Manifest.lock";
			outputPaths = (
			);
			runOnlyForDeploymentPostprocessing = 0;
			shellPath = /bin/sh;
			shellScript = "diff \"${PODS_ROOT}/../Podfile.lock\" \"${PODS_ROOT}/Manifest.lock\" > /dev/null\nif [ $? != 0 ] ; then\n    # print error to STDERR\n    echo \"error: The sandbox is not in sync with the Podfile.lock. Run 'pod install' or update your CocoaPods installation.\" >&2\n    exit 1\nfi\n";
			showEnvVarsInLog = 0;
		};
		B294278EF22018858739D132 /* [CP] Embed Pods Frameworks */ = {
			isa = PBXShellScriptBuildPhase;
			buildActionMask = 2147483647;
			files = (
			);
			inputPaths = (
			);
			name = "[CP] Embed Pods Frameworks";
			outputPaths = (
			);
			runOnlyForDeploymentPostprocessing = 0;
			shellPath = /bin/sh;
			shellScript = "\"${SRCROOT}/Pods/Target Support Files/Pods-HappyRoomiOSProject/Pods-HappyRoomiOSProject-frameworks.sh\"\n";
			showEnvVarsInLog = 0;
		};
/* End PBXShellScriptBuildPhase section */

/* Begin PBXSourcesBuildPhase section */
		7F8D6EAB1DA6DC0500896505 /* Sources */ = {
			isa = PBXSourcesBuildPhase;
			buildActionMask = 2147483647;
			files = (
				C0E1E3371DDA7D3D006730D8 /* ContentViewController.swift in Sources */,
				C0D856971DC14C8900521795 /* Rating.swift in Sources */,
				8416E9201DF5E10A00D94A58 /* Reachability.swift in Sources */,
				7F5AECDD1DDABCA5005FFB4E /* ScatterPlotView.swift in Sources */,
				7F8D6EB71DA6DC0500896505 /* ScatterplotViewController.swift in Sources */,
				C0E1E3391DDA7E1D006730D8 /* ViewController.swift in Sources */,
				7F5274341DB97B580037261C /* RateView.swift in Sources */,
				7F6216E81DD535ED002D65B2 /* HappyRoomCoreData.xcdatamodeld in Sources */,
				7F8D6EB31DA6DC0500896505 /* AppDelegate.swift in Sources */,
				7F8D6ECF1DA7011F00896505 /* PiechartViewController.swift in Sources */,
				7F8D6EB51DA6DC0500896505 /* UserViewController.swift in Sources */,
			);
			runOnlyForDeploymentPostprocessing = 0;
		};
/* End PBXSourcesBuildPhase section */

/* Begin PBXVariantGroup section */
		7F8D6EBD1DA6DC0500896505 /* LaunchScreen.storyboard */ = {
			isa = PBXVariantGroup;
			children = (
				7F8D6EBE1DA6DC0500896505 /* Base */,
			);
			name = LaunchScreen.storyboard;
			sourceTree = "<group>";
		};
/* End PBXVariantGroup section */

/* Begin XCBuildConfiguration section */
		7F8D6EC11DA6DC0500896505 /* Debug */ = {
			isa = XCBuildConfiguration;
			buildSettings = {
				ALWAYS_SEARCH_USER_PATHS = NO;
				CLANG_ANALYZER_NONNULL = YES;
				CLANG_CXX_LANGUAGE_STANDARD = "gnu++0x";
				CLANG_CXX_LIBRARY = "libc++";
				CLANG_ENABLE_MODULES = YES;
				CLANG_ENABLE_OBJC_ARC = YES;
				CLANG_WARN_BOOL_CONVERSION = YES;
				CLANG_WARN_CONSTANT_CONVERSION = YES;
				CLANG_WARN_DIRECT_OBJC_ISA_USAGE = YES_ERROR;
				CLANG_WARN_EMPTY_BODY = YES;
				CLANG_WARN_ENUM_CONVERSION = YES;
				CLANG_WARN_INT_CONVERSION = YES;
				CLANG_WARN_OBJC_ROOT_CLASS = YES_ERROR;
				CLANG_WARN_UNREACHABLE_CODE = YES;
				CLANG_WARN__DUPLICATE_METHOD_MATCH = YES;
				"CODE_SIGN_IDENTITY[sdk=iphoneos*]" = "iPhone Developer";
				COPY_PHASE_STRIP = NO;
				DEBUG_INFORMATION_FORMAT = dwarf;
				ENABLE_STRICT_OBJC_MSGSEND = YES;
				ENABLE_TESTABILITY = YES;
				GCC_C_LANGUAGE_STANDARD = gnu99;
				GCC_DYNAMIC_NO_PIC = NO;
				GCC_NO_COMMON_BLOCKS = YES;
				GCC_OPTIMIZATION_LEVEL = 0;
				GCC_PREPROCESSOR_DEFINITIONS = (
					"DEBUG=1",
					"$(inherited)",
				);
				GCC_WARN_64_TO_32_BIT_CONVERSION = YES;
				GCC_WARN_ABOUT_RETURN_TYPE = YES_ERROR;
				GCC_WARN_UNDECLARED_SELECTOR = YES;
				GCC_WARN_UNINITIALIZED_AUTOS = YES_AGGRESSIVE;
				GCC_WARN_UNUSED_FUNCTION = YES;
				GCC_WARN_UNUSED_VARIABLE = YES;
				IPHONEOS_DEPLOYMENT_TARGET = 9.3;
				MTL_ENABLE_DEBUG_INFO = YES;
				ONLY_ACTIVE_ARCH = YES;
				SDKROOT = iphoneos;
				SWIFT_OPTIMIZATION_LEVEL = "-Onone";
				TARGETED_DEVICE_FAMILY = 2;
			};
			name = Debug;
		};
		7F8D6EC21DA6DC0500896505 /* Release */ = {
			isa = XCBuildConfiguration;
			buildSettings = {
				ALWAYS_SEARCH_USER_PATHS = NO;
				CLANG_ANALYZER_NONNULL = YES;
				CLANG_CXX_LANGUAGE_STANDARD = "gnu++0x";
				CLANG_CXX_LIBRARY = "libc++";
				CLANG_ENABLE_MODULES = YES;
				CLANG_ENABLE_OBJC_ARC = YES;
				CLANG_WARN_BOOL_CONVERSION = YES;
				CLANG_WARN_CONSTANT_CONVERSION = YES;
				CLANG_WARN_DIRECT_OBJC_ISA_USAGE = YES_ERROR;
				CLANG_WARN_EMPTY_BODY = YES;
				CLANG_WARN_ENUM_CONVERSION = YES;
				CLANG_WARN_INT_CONVERSION = YES;
				CLANG_WARN_OBJC_ROOT_CLASS = YES_ERROR;
				CLANG_WARN_UNREACHABLE_CODE = YES;
				CLANG_WARN__DUPLICATE_METHOD_MATCH = YES;
				"CODE_SIGN_IDENTITY[sdk=iphoneos*]" = "iPhone Developer";
				COPY_PHASE_STRIP = NO;
				DEBUG_INFORMATION_FORMAT = "dwarf-with-dsym";
				ENABLE_NS_ASSERTIONS = NO;
				ENABLE_STRICT_OBJC_MSGSEND = YES;
				GCC_C_LANGUAGE_STANDARD = gnu99;
				GCC_NO_COMMON_BLOCKS = YES;
				GCC_WARN_64_TO_32_BIT_CONVERSION = YES;
				GCC_WARN_ABOUT_RETURN_TYPE = YES_ERROR;
				GCC_WARN_UNDECLARED_SELECTOR = YES;
				GCC_WARN_UNINITIALIZED_AUTOS = YES_AGGRESSIVE;
				GCC_WARN_UNUSED_FUNCTION = YES;
				GCC_WARN_UNUSED_VARIABLE = YES;
				IPHONEOS_DEPLOYMENT_TARGET = 9.3;
				MTL_ENABLE_DEBUG_INFO = NO;
				SDKROOT = iphoneos;
				TARGETED_DEVICE_FAMILY = 2;
				VALIDATE_PRODUCT = YES;
			};
			name = Release;
		};
		7F8D6EC41DA6DC0500896505 /* Debug */ = {
			isa = XCBuildConfiguration;
			baseConfigurationReference = 7F11FD07ED87B69434476612 /* Pods-HappyRoomiOSProject.debug.xcconfig */;
			buildSettings = {
				ASSETCATALOG_COMPILER_APPICON_NAME = AppIcon;
				CODE_SIGN_IDENTITY = "iPhone Developer";
				"CODE_SIGN_IDENTITY[sdk=iphoneos*]" = "iPhone Developer";
				ENABLE_BITCODE = NO;
				FRAMEWORK_SEARCH_PATHS = (
					"$(inherited)",
					"$(PROJECT_DIR)/HappyRoomiOSProject",
					"$(PROJECT_DIR)/HappyRoomiOSProject/Parse-iOS",
				);
				INFOPLIST_FILE = HappyRoomiOSProject/Info.plist;
				IPHONEOS_DEPLOYMENT_TARGET = 9.2;
				LD_RUNPATH_SEARCH_PATHS = "$(inherited) @executable_path/Frameworks";
				LIBRARY_SEARCH_PATHS = (
					"$(inherited)",
					"$(PROJECT_DIR)/HappyRoomiOSProject",
				);
				PRODUCT_BUNDLE_IDENTIFIER = nwmsu.edu.HappyRoomiOSProject;
				PRODUCT_NAME = "$(TARGET_NAME)";
				PROVISIONING_PROFILE = "";
				TARGETED_DEVICE_FAMILY = 2;
			};
			name = Debug;
		};
		7F8D6EC51DA6DC0500896505 /* Release */ = {
			isa = XCBuildConfiguration;
			baseConfigurationReference = B6D47C4F4499D0776308BBD4 /* Pods-HappyRoomiOSProject.release.xcconfig */;
			buildSettings = {
				ASSETCATALOG_COMPILER_APPICON_NAME = AppIcon;
				CODE_SIGN_IDENTITY = "iPhone Developer";
				"CODE_SIGN_IDENTITY[sdk=iphoneos*]" = "iPhone Developer";
				ENABLE_BITCODE = NO;
				FRAMEWORK_SEARCH_PATHS = (
					"$(inherited)",
					"$(PROJECT_DIR)/HappyRoomiOSProject",
					"$(PROJECT_DIR)/HappyRoomiOSProject/Parse-iOS",
				);
				INFOPLIST_FILE = HappyRoomiOSProject/Info.plist;
				IPHONEOS_DEPLOYMENT_TARGET = 9.2;
				LD_RUNPATH_SEARCH_PATHS = "$(inherited) @executable_path/Frameworks";
				LIBRARY_SEARCH_PATHS = (
					"$(inherited)",
					"$(PROJECT_DIR)/HappyRoomiOSProject",
				);
				PRODUCT_BUNDLE_IDENTIFIER = nwmsu.edu.HappyRoomiOSProject;
				PRODUCT_NAME = "$(TARGET_NAME)";
				PROVISIONING_PROFILE = "";
				TARGETED_DEVICE_FAMILY = 2;
			};
			name = Release;
		};
/* End XCBuildConfiguration section */

/* Begin XCConfigurationList section */
		7F8D6EAA1DA6DC0500896505 /* Build configuration list for PBXProject "HappyRoomiOSProject" */ = {
			isa = XCConfigurationList;
			buildConfigurations = (
				7F8D6EC11DA6DC0500896505 /* Debug */,
				7F8D6EC21DA6DC0500896505 /* Release */,
			);
			defaultConfigurationIsVisible = 0;
			defaultConfigurationName = Release;
		};
		7F8D6EC31DA6DC0500896505 /* Build configuration list for PBXNativeTarget "HappyRoomiOSProject" */ = {
			isa = XCConfigurationList;
			buildConfigurations = (
				7F8D6EC41DA6DC0500896505 /* Debug */,
				7F8D6EC51DA6DC0500896505 /* Release */,
			);
			defaultConfigurationIsVisible = 0;
			defaultConfigurationName = Release;
		};
/* End XCConfigurationList section */

/* Begin XCVersionGroup section */
		7F6216E61DD535ED002D65B2 /* HappyRoomCoreData.xcdatamodeld */ = {
			isa = XCVersionGroup;
			children = (
				7F6216E71DD535ED002D65B2 /* HappyRoomCoreData.xcdatamodel */,
			);
			currentVersion = 7F6216E71DD535ED002D65B2 /* HappyRoomCoreData.xcdatamodel */;
			path = HappyRoomCoreData.xcdatamodeld;
			sourceTree = "<group>";
			versionGroupType = wrapper.xcdatamodel;
		};
/* End XCVersionGroup section */
	};
	rootObject = 7F8D6EA71DA6DC0500896505 /* Project object */;
}
